
Microsoft Visual Studio Solution File, Format Version 12.00
# Visual Studio Version 16
VisualStudioVersion = 16.0.32413.511
MinimumVisualStudioVersion = 10.0.40219.1
Project("{FAE04EC0-301F-11D3-BF4B-00C04F79EFBC}") = "Subset_Using_Backtrack", "Subset_Using_Backtrack\Subset_Using_Backtrack.csproj", "{A2023C2F-358C-4278-B232-03A4BC648286}"
EndProject
Global
	GlobalSection(SolutionConfigurationPlatforms) = preSolution
		Debug|Any CPU = Debug|Any CPU
		Release|Any CPU = Release|Any CPU
	EndGlobalSection
	GlobalSection(ProjectConfigurationPlatforms) = postSolution
		{A2023C2F-358C-4278-B232-03A4BC648286}.Debug|Any CPU.ActiveCfg = Debug|Any CPU
		{A2023C2F-358C-4278-B232-03A4BC648286}.Debug|Any CPU.Build.0 = Debug|Any CPU
		{A2023C2F-358C-4278-B232-03A4BC648286}.Release|Any CPU.ActiveCfg = Release|Any CPU
		{A2023C2F-358C-4278-B232-03A4BC648286}.Release|Any CPU.Build.0 = Release|Any CPU
	EndGlobalSection
	GlobalSection(SolutionProperties) = preSolution
		HideSolutionNode = FALSE
	EndGlobalSection
	GlobalSection(ExtensibilityGlobals) = postSolution
		SolutionGuid = {426AE36E-113D-4992-8811-45046DC25DDB}
	EndGlobalSection
EndGlobal
